
Microsoft Visual Studio Solution File, Format Version 12.00
# Visual Studio Version 17
VisualStudioVersion = 17.6.33829.357
MinimumVisualStudioVersion = 10.0.40219.1
Project("{FAE04EC0-301F-11D3-BF4B-00C04F79EFBC}") = "pessoa", "pessoa.csproj", "{809C07D6-3CA7-4C45-9813-8E790A9F72B9}"
EndProject
Global
	GlobalSection(SolutionConfigurationPlatforms) = preSolution
		Debug|Any CPU = Debug|Any CPU
		Release|Any CPU = Release|Any CPU
	EndGlobalSection
	GlobalSection(ProjectConfigurationPlatforms) = postSolution
		{809C07D6-3CA7-4C45-9813-8E790A9F72B9}.Debug|Any CPU.ActiveCfg = Debug|Any CPU
		{809C07D6-3CA7-4C45-9813-8E790A9F72B9}.Debug|Any CPU.Build.0 = Debug|Any CPU
		{809C07D6-3CA7-4C45-9813-8E790A9F72B9}.Release|Any CPU.ActiveCfg = Release|Any CPU
		{809C07D6-3CA7-4C45-9813-8E790A9F72B9}.Release|Any CPU.Build.0 = Release|Any CPU
	EndGlobalSection
	GlobalSection(SolutionProperties) = preSolution
		HideSolutionNode = FALSE
	EndGlobalSection
	GlobalSection(ExtensibilityGlobals) = postSolution
		SolutionGuid = {DA0F74B3-F5E0-4B8A-A119-119FAD6778FF}
	EndGlobalSection
EndGlobal
